
Microsoft Visual Studio Solution File, Format Version 12.00
# Visual Studio Version 16
VisualStudioVersion = 16.0.31729.503
MinimumVisualStudioVersion = 10.0.40219.1
Project("{9A19103F-16F7-4668-BE54-9A1E7A4F7556}") = "FlightTicketBookingAPI", "FlightTicketBookingAPI.csproj", "{69B2F066-D3F1-46D4-B38E-05EA5F1DD006}"
EndProject
Project("{FAE04EC0-301F-11D3-BF4B-00C04F79EFBC}") = "Airlineservice", "..\Airlineservice\Airlineservice.csproj", "{323693AB-2973-4698-B46E-162773399A40}"
EndProject
Project("{FAE04EC0-301F-11D3-BF4B-00C04F79EFBC}") = "UserService", "..\UserService\UserService.csproj", "{E1D2223A-95DE-4FC6-8125-2F08A7CBB589}"
EndProject
Global
	GlobalSection(SolutionConfigurationPlatforms) = preSolution
		Debug|Any CPU = Debug|Any CPU
		Release|Any CPU = Release|Any CPU
	EndGlobalSection
	GlobalSection(ProjectConfigurationPlatforms) = postSolution
		{69B2F066-D3F1-46D4-B38E-05EA5F1DD006}.Debug|Any CPU.ActiveCfg = Debug|Any CPU
		{69B2F066-D3F1-46D4-B38E-05EA5F1DD006}.Debug|Any CPU.Build.0 = Debug|Any CPU
		{69B2F066-D3F1-46D4-B38E-05EA5F1DD006}.Release|Any CPU.ActiveCfg = Release|Any CPU
		{69B2F066-D3F1-46D4-B38E-05EA5F1DD006}.Release|Any CPU.Build.0 = Release|Any CPU
		{323693AB-2973-4698-B46E-162773399A40}.Debug|Any CPU.ActiveCfg = Debug|Any CPU
		{323693AB-2973-4698-B46E-162773399A40}.Debug|Any CPU.Build.0 = Debug|Any CPU
		{323693AB-2973-4698-B46E-162773399A40}.Release|Any CPU.ActiveCfg = Release|Any CPU
		{323693AB-2973-4698-B46E-162773399A40}.Release|Any CPU.Build.0 = Release|Any CPU
		{E1D2223A-95DE-4FC6-8125-2F08A7CBB589}.Debug|Any CPU.ActiveCfg = Debug|Any CPU
		{E1D2223A-95DE-4FC6-8125-2F08A7CBB589}.Debug|Any CPU.Build.0 = Debug|Any CPU
		{E1D2223A-95DE-4FC6-8125-2F08A7CBB589}.Release|Any CPU.ActiveCfg = Release|Any CPU
		{E1D2223A-95DE-4FC6-8125-2F08A7CBB589}.Release|Any CPU.Build.0 = Release|Any CPU
	EndGlobalSection
	GlobalSection(SolutionProperties) = preSolution
		HideSolutionNode = FALSE
	EndGlobalSection
	GlobalSection(ExtensibilityGlobals) = postSolution
		SolutionGuid = {4C18D87C-D58B-411D-B18E-1A192A4FC07B}
	EndGlobalSection
EndGlobal
